// !$*UTF8*$!
{
	archiveVersion = 1;
	classes = {
	};
	objectVersion = 55;
	objects = {

/* Begin PBXBuildFile section */
		4E128B3C28BF636A005655F6 /* Data.swift in Sources */ = {isa = PBXBuildFile; fileRef = 4E128B3B28BF636A005655F6 /* Data.swift */; };
		4E128B3E28BF63F0005655F6 /* features.json in Resources */ = {isa = PBXBuildFile; fileRef = 4E128B3D28BF63F0005655F6 /* features.json */; };
		4ED2967C28C15BC80066D249 /* WhatsNewPage.swift in Sources */ = {isa = PBXBuildFile; fileRef = 4ED2967B28C15BC80066D249 /* WhatsNewPage.swift */; };
		4ED2968028C15EF20066D249 /* WNSubView.swift in Sources */ = {isa = PBXBuildFile; fileRef = 4ED2967F28C15EF20066D249 /* WNSubView.swift */; };
		4EF9FBDF28BEC7C50069B8CD /* Whats_NewApp.swift in Sources */ = {isa = PBXBuildFile; fileRef = 4EF9FBDE28BEC7C50069B8CD /* Whats_NewApp.swift */; };
		4EF9FBE128BEC7C50069B8CD /* LandingPage.swift in Sources */ = {isa = PBXBuildFile; fileRef = 4EF9FBE028BEC7C50069B8CD /* LandingPage.swift */; };
		4EF9FBE328BEC7C70069B8CD /* Assets.xcassets in Resources */ = {isa = PBXBuildFile; fileRef = 4EF9FBE228BEC7C70069B8CD /* Assets.xcassets */; };
		4EF9FBE628BEC7C70069B8CD /* Preview Assets.xcassets in Resources */ = {isa = PBXBuildFile; fileRef = 4EF9FBE528BEC7C70069B8CD /* Preview Assets.xcassets */; };
/* End PBXBuildFile section */

/* Begin PBXFileReference section */
		4E128B3B28BF636A005655F6 /* Data.swift */ = {isa = PBXFileReference; lastKnownFileType = sourcecode.swift; path = Data.swift; sourceTree = "<group>"; };
		4E128B3D28BF63F0005655F6 /* features.json */ = {isa = PBXFileReference; lastKnownFileType = text.json; path = features.json; sourceTree = "<group>"; };
		4E128B4028BF6C6D005655F6 /* WhatsNewPack */ = {isa = PBXFileReference; lastKnownFileType = wrapper; path = WhatsNewPack; sourceTree = "<group>"; };
		4ED2967B28C15BC80066D249 /* WhatsNewPage.swift */ = {isa = PBXFileReference; lastKnownFileType = sourcecode.swift; path = WhatsNewPage.swift; sourceTree = "<group>"; };
		4ED2967F28C15EF20066D249 /* WNSubView.swift */ = {isa = PBXFileReference; lastKnownFileType = sourcecode.swift; path = WNSubView.swift; sourceTree = "<group>"; };
		4EF9FBDB28BEC7C50069B8CD /* Whats New.app */ = {isa = PBXFileReference; explicitFileType = wrapper.application; includeInIndex = 0; path = "Whats New.app"; sourceTree = BUILT_PRODUCTS_DIR; };
		4EF9FBDE28BEC7C50069B8CD /* Whats_NewApp.swift */ = {isa = PBXFileReference; lastKnownFileType = sourcecode.swift; path = Whats_NewApp.swift; sourceTree = "<group>"; };
		4EF9FBE028BEC7C50069B8CD /* LandingPage.swift */ = {isa = PBXFileReference; lastKnownFileType = sourcecode.swift; path = LandingPage.swift; sourceTree = "<group>"; };
		4EF9FBE228BEC7C70069B8CD /* Assets.xcassets */ = {isa = PBXFileReference; lastKnownFileType = folder.assetcatalog; path = Assets.xcassets; sourceTree = "<group>"; };
		4EF9FBE528BEC7C70069B8CD /* Preview Assets.xcassets */ = {isa = PBXFileReference; lastKnownFileType = folder.assetcatalog; path = "Preview Assets.xcassets"; sourceTree = "<group>"; };
/* End PBXFileReference section */

/* Begin PBXFrameworksBuildPhase section */
		4EF9FBD828BEC7C50069B8CD /* Frameworks */ = {
			isa = PBXFrameworksBuildPhase;
			buildActionMask = 2147483647;
			files = (
			);
			runOnlyForDeploymentPostprocessing = 0;
		};
/* End PBXFrameworksBuildPhase section */

/* Begin PBXGroup section */
		4E128B3A28BF6353005655F6 /* Data */ = {
			isa = PBXGroup;
			children = (
				4E128B3B28BF636A005655F6 /* Data.swift */,
				4E128B3D28BF63F0005655F6 /* features.json */,
			);
			path = Data;
			sourceTree = "<group>";
		};
		4ED2967D28C15ED30066D249 /* Views */ = {
			isa = PBXGroup;
			children = (
				4EF9FBE028BEC7C50069B8CD /* LandingPage.swift */,
				4ED2967B28C15BC80066D249 /* WhatsNewPage.swift */,
			);
			path = Views;
			sourceTree = "<group>";
		};
		4ED2967E28C15ED90066D249 /* Subviews */ = {
			isa = PBXGroup;
			children = (
				4ED2967F28C15EF20066D249 /* WNSubView.swift */,
			);
			path = Subviews;
			sourceTree = "<group>";
		};
		4EF9FBD228BEC7C50069B8CD = {
			isa = PBXGroup;
			children = (
				4E128B4028BF6C6D005655F6 /* WhatsNewPack */,
				4EF9FBDD28BEC7C50069B8CD /* Whats New */,
				4EF9FBDC28BEC7C50069B8CD /* Products */,
			);
			sourceTree = "<group>";
		};
		4EF9FBDC28BEC7C50069B8CD /* Products */ = {
			isa = PBXGroup;
			children = (
				4EF9FBDB28BEC7C50069B8CD /* Whats New.app */,
			);
			name = Products;
			sourceTree = "<group>";
		};
		4EF9FBDD28BEC7C50069B8CD /* Whats New */ = {
			isa = PBXGroup;
			children = (
				4EF9FBDE28BEC7C50069B8CD /* Whats_NewApp.swift */,
				4ED2967E28C15ED90066D249 /* Subviews */,
				4ED2967D28C15ED30066D249 /* Views */,
				4E128B3A28BF6353005655F6 /* Data */,
				4EF9FBE228BEC7C70069B8CD /* Assets.xcassets */,
				4EF9FBE428BEC7C70069B8CD /* Preview Content */,
			);
			path = "Whats New";
			sourceTree = "<group>";
		};
		4EF9FBE428BEC7C70069B8CD /* Preview Content */ = {
			isa = PBXGroup;
			children = (
				4EF9FBE528BEC7C70069B8CD /* Preview Assets.xcassets */,
			);
			path = "Preview Content";
			sourceTree = "<group>";
		};
/* End PBXGroup section */

/* Begin PBXNativeTarget section */
		4EF9FBDA28BEC7C50069B8CD /* Whats New */ = {
			isa = PBXNativeTarget;
			buildConfigurationList = 4EF9FBE928BEC7C70069B8CD /* Build configuration list for PBXNativeTarget "Whats New" */;
			buildPhases = (
				4EF9FBD728BEC7C50069B8CD /* Sources */,
				4EF9FBD828BEC7C50069B8CD /* Frameworks */,
				4EF9FBD928BEC7C50069B8CD /* Resources */,
			);
			buildRules = (
			);
			dependencies = (
			);
			name = "Whats New";
			productName = "Whats New";
			productReference = 4EF9FBDB28BEC7C50069B8CD /* Whats New.app */;
			productType = "com.apple.product-type.application";
		};
/* End PBXNativeTarget section */

/* Begin PBXProject section */
		4EF9FBD328BEC7C50069B8CD /* Project object */ = {
			isa = PBXProject;
			attributes = {
				BuildIndependentTargetsInParallel = 1;
				LastSwiftUpdateCheck = 1340;
				LastUpgradeCheck = 1340;
				TargetAttributes = {
					4EF9FBDA28BEC7C50069B8CD = {
						CreatedOnToolsVersion = 13.4.1;
					};
				};
			};
			buildConfigurationList = 4EF9FBD628BEC7C50069B8CD /* Build configuration list for PBXProject "Whats New" */;
			compatibilityVersion = "Xcode 13.0";
			developmentRegion = en;
			hasScannedForEncodings = 0;
			knownRegions = (
				en,
				Base,
			);
			mainGroup = 4EF9FBD228BEC7C50069B8CD;
			productRefGroup = 4EF9FBDC28BEC7C50069B8CD /* Products */;
			projectDirPath = "";
			projectRoot = "";
			targets = (
				4EF9FBDA28BEC7C50069B8CD /* Whats New */,
			);
		};
/* End PBXProject section */

/* Begin PBXResourcesBuildPhase section */
		4EF9FBD928BEC7C50069B8CD /* Resources */ = {
			isa = PBXResourcesBuildPhase;
			buildActionMask = 2147483647;
			files = (
				4EF9FBE628BEC7C70069B8CD /* Preview Assets.xcassets in Resources */,
				4EF9FBE328BEC7C70069B8CD /* Assets.xcassets in Resources */,
				4E128B3E28BF63F0005655F6 /* features.json in Resources */,
			);
			runOnlyForDeploymentPostprocessing = 0;
		};
/* End PBXResourcesBuildPhase section */

/* Begin PBXSourcesBuildPhase section */
		4EF9FBD728BEC7C50069B8CD /* Sources */ = {
			isa = PBXSourcesBuildPhase;
			buildActionMask = 2147483647;
			files = (
				4EF9FBE128BEC7C50069B8CD /* LandingPage.swift in Sources */,
				4E128B3C28BF636A005655F6 /* Data.swift in Sources */,
				4EF9FBDF28BEC7C50069B8CD /* Whats_NewApp.swift in Sources */,
				4ED2967C28C15BC80066D249 /* WhatsNewPage.swift in Sources */,
				4ED2968028C15EF20066D249 /* WNSubView.swift in Sources */,
			);
			runOnlyForDeploymentPostprocessing = 0;
		};
/* End PBXSourcesBuildPhase section */

/* Begin XCBuildConfiguration section */
		4EF9FBE728BEC7C70069B8CD /* Debug */ = {
			isa = XCBuildConfiguration;
			buildSettings = {
				ALWAYS_SEARCH_USER_PATHS = NO;
				CLANG_ANALYZER_NONNULL = YES;
				CLANG_ANALYZER_NUMBER_OBJECT_CONVERSION = YES_AGGRESSIVE;
				CLANG_CXX_LANGUAGE_STANDARD = "gnu++17";
				CLANG_ENABLE_MODULES = YES;
				CLANG_ENABLE_OBJC_ARC = YES;
				CLANG_ENABLE_OBJC_WEAK = YES;
				CLANG_WARN_BLOCK_CAPTURE_AUTORELEASING = YES;
				CLANG_WARN_BOOL_CONVERSION = YES;
				CLANG_WARN_COMMA = YES;
				CLANG_WARN_CONSTANT_CONVERSION = YES;
				CLANG_WARN_DEPRECATED_OBJC_IMPLEMENTATIONS = YES;
				CLANG_WARN_DIRECT_OBJC_ISA_USAGE = YES_ERROR;
				CLANG_WARN_DOCUMENTATION_COMMENTS = YES;
				CLANG_WARN_EMPTY_BODY = YES;
				CLANG_WARN_ENUM_CONVERSION = YES;
				CLANG_WARN_INFINITE_RECURSION = YES;
				CLANG_WARN_INT_CONVERSION = YES;
				CLANG_WARN_NON_LITERAL_NULL_CONVERSION = YES;
				CLANG_WARN_OBJC_IMPLICIT_RETAIN_SELF = YES;
				CLANG_WARN_OBJC_LITERAL_CONVERSION = YES;
				CLANG_WARN_OBJC_ROOT_CLASS = YES_ERROR;
				CLANG_WARN_QUOTED_INCLUDE_IN_FRAMEWORK_HEADER = YES;
				CLANG_WARN_RANGE_LOOP_ANALYSIS = YES;
				CLANG_WARN_STRICT_PROTOTYPES = YES;
				CLANG_WARN_SUSPICIOUS_MOVE = YES;
				CLANG_WARN_UNGUARDED_AVAILABILITY = YES_AGGRESSIVE;
				CLANG_WARN_UNREACHABLE_CODE = YES;
				CLANG_WARN__DUPLICATE_METHOD_MATCH = YES;
				COPY_PHASE_STRIP = NO;
				DEBUG_INFORMATION_FORMAT = dwarf;
				ENABLE_STRICT_OBJC_MSGSEND = YES;
				ENABLE_TESTABILITY = YES;
				GCC_C_LANGUAGE_STANDARD = gnu11;
				GCC_DYNAMIC_NO_PIC = NO;
				GCC_NO_COMMON_BLOCKS = YES;
				GCC_OPTIMIZATION_LEVEL = 0;
				GCC_PREPROCESSOR_DEFINITIONS = (
					"DEBUG=1",
					"$(inherited)",
				);
				GCC_WARN_64_TO_32_BIT_CONVERSION = YES;
				GCC_WARN_ABOUT_RETURN_TYPE = YES_ERROR;
				GCC_WARN_UNDECLARED_SELECTOR = YES;
				GCC_WARN_UNINITIALIZED_AUTOS = YES_AGGRESSIVE;
				GCC_WARN_UNUSED_FUNCTION = YES;
				GCC_WARN_UNUSED_VARIABLE = YES;
				IPHONEOS_DEPLOYMENT_TARGET = 15.5;
				MTL_ENABLE_DEBUG_INFO = INCLUDE_SOURCE;
				MTL_FAST_MATH = YES;
				ONLY_ACTIVE_ARCH = YES;
				SDKROOT = iphoneos;
				SWIFT_ACTIVE_COMPILATION_CONDITIONS = DEBUG;
				SWIFT_OPTIMIZATION_LEVEL = "-Onone";
			};
			name = Debug;
		};
		4EF9FBE828BEC7C70069B8CD /* Release */ = {
			isa = XCBuildConfiguration;
			buildSettings = {
				ALWAYS_SEARCH_USER_PATHS = NO;
				CLANG_ANALYZER_NONNULL = YES;
				CLANG_ANALYZER_NUMBER_OBJECT_CONVERSION = YES_AGGRESSIVE;
				CLANG_CXX_LANGUAGE_STANDARD = "gnu++17";
				CLANG_ENABLE_MODULES = YES;
				CLANG_ENABLE_OBJC_ARC = YES;
				CLANG_ENABLE_OBJC_WEAK = YES;
				CLANG_WARN_BLOCK_CAPTURE_AUTORELEASING = YES;
				CLANG_WARN_BOOL_CONVERSION = YES;
				CLANG_WARN_COMMA = YES;
				CLANG_WARN_CONSTANT_CONVERSION = YES;
				CLANG_WARN_DEPRECATED_OBJC_IMPLEMENTATIONS = YES;
				CLANG_WARN_DIRECT_OBJC_ISA_USAGE = YES_ERROR;
				CLANG_WARN_DOCUMENTATION_COMMENTS = YES;
				CLANG_WARN_EMPTY_BODY = YES;
				CLANG_WARN_ENUM_CONVERSION = YES;
				CLANG_WARN_INFINITE_RECURSION = YES;
				CLANG_WARN_INT_CONVERSION = YES;
				CLANG_WARN_NON_LITERAL_NULL_CONVERSION = YES;
				CLANG_WARN_OBJC_IMPLICIT_RETAIN_SELF = YES;
				CLANG_WARN_OBJC_LITERAL_CONVERSION = YES;
				CLANG_WARN_OBJC_ROOT_CLASS = YES_ERROR;
				CLANG_WARN_QUOTED_INCLUDE_IN_FRAMEWORK_HEADER = YES;
				CLANG_WARN_RANGE_LOOP_ANALYSIS = YES;
				CLANG_WARN_STRICT_PROTOTYPES = YES;
				CLANG_WARN_SUSPICIOUS_MOVE = YES;
				CLANG_WARN_UNGUARDED_AVAILABILITY = YES_AGGRESSIVE;
				CLANG_WARN_UNREACHABLE_CODE = YES;
				CLANG_WARN__DUPLICATE_METHOD_MATCH = YES;
				COPY_PHASE_STRIP = NO;
				DEBUG_INFORMATION_FORMAT = "dwarf-with-dsym";
				ENABLE_NS_ASSERTIONS = NO;
				ENABLE_STRICT_OBJC_MSGSEND = YES;
				GCC_C_LANGUAGE_STANDARD = gnu11;
				GCC_NO_COMMON_BLOCKS = YES;
				GCC_WARN_64_TO_32_BIT_CONVERSION = YES;
				GCC_WARN_ABOUT_RETURN_TYPE = YES_ERROR;
				GCC_WARN_UNDECLARED_SELECTOR = YES;
				GCC_WARN_UNINITIALIZED_AUTOS = YES_AGGRESSIVE;
				GCC_WARN_UNUSED_FUNCTION = YES;
				GCC_WARN_UNUSED_VARIABLE = YES;
				IPHONEOS_DEPLOYMENT_TARGET = 15.5;
				MTL_ENABLE_DEBUG_INFO = NO;
				MTL_FAST_MATH = YES;
				SDKROOT = iphoneos;
				SWIFT_COMPILATION_MODE = wholemodule;
				SWIFT_OPTIMIZATION_LEVEL = "-O";
				VALIDATE_PRODUCT = YES;
			};
			name = Release;
		};
		4EF9FBEA28BEC7C70069B8CD /* Debug */ = {
			isa = XCBuildConfiguration;
			buildSettings = {
				ASSETCATALOG_COMPILER_APPICON_NAME = AppIcon;
				ASSETCATALOG_COMPILER_GLOBAL_ACCENT_COLOR_NAME = AccentColor;
				CODE_SIGN_STYLE = Automatic;
				CURRENT_PROJECT_VERSION = 1;
				DEVELOPMENT_ASSET_PATHS = "\"Whats New/Preview Content\"";
				DEVELOPMENT_TEAM = 5PVHGUKPAW;
				ENABLE_PREVIEWS = YES;
				GENERATE_INFOPLIST_FILE = YES;
				INFOPLIST_KEY_UIApplicationSceneManifest_Generation = YES;
				INFOPLIST_KEY_UIApplicationSupportsIndirectInputEvents = YES;
				INFOPLIST_KEY_UILaunchScreen_Generation = YES;
				INFOPLIST_KEY_UISupportedInterfaceOrientations_iPad = "UIInterfaceOrientationPortrait UIInterfaceOrientationPortraitUpsideDown UIInterfaceOrientationLandscapeLeft UIInterfaceOrientationLandscapeRight";
				INFOPLIST_KEY_UISupportedInterfaceOrientations_iPhone = "UIInterfaceOrientationPortrait UIInterfaceOrientationLandscapeLeft UIInterfaceOrientationLandscapeRight";
				LD_RUNPATH_SEARCH_PATHS = (
					"$(inherited)",
					"@executable_path/Frameworks",
				);
				MARKETING_VERSION = 1.0;
				PRODUCT_BUNDLE_IDENTIFIER = "CodingKovs.Whats-New";
				PRODUCT_NAME = "$(TARGET_NAME)";
				SWIFT_EMIT_LOC_STRINGS = YES;
				SWIFT_VERSION = 5.0;
				TARGETED_DEVICE_FAMILY = "1,2";
			};
			name = Debug;
		};
		4EF9FBEB28BEC7C70069B8CD /* Release */ = {
			isa = XCBuildConfiguration;
			buildSettings = {
				ASSETCATALOG_COMPILER_APPICON_NAME = AppIcon;
				ASSETCATALOG_COMPILER_GLOBAL_ACCENT_COLOR_NAME = AccentColor;
				CODE_SIGN_STYLE = Automatic;
				CURRENT_PROJECT_VERSION = 1;
				DEVELOPMENT_ASSET_PATHS = "\"Whats New/Preview Content\"";
				DEVELOPMENT_TEAM = 5PVHGUKPAW;
				ENABLE_PREVIEWS = YES;
				GENERATE_INFOPLIST_FILE = YES;
				INFOPLIST_KEY_UIApplicationSceneManifest_Generation = YES;
				INFOPLIST_KEY_UIApplicationSupportsIndirectInputEvents = YES;
				INFOPLIST_KEY_UILaunchScreen_Generation = YES;
				INFOPLIST_KEY_UISupportedInterfaceOrientations_iPad = "UIInterfaceOrientationPortrait UIInterfaceOrientationPortraitUpsideDown UIInterfaceOrientationLandscapeLeft UIInterfaceOrientationLandscapeRight";
				INFOPLIST_KEY_UISupportedInterfaceOrientations_iPhone = "UIInterfaceOrientationPortrait UIInterfaceOrientationLandscapeLeft UIInterfaceOrientationLandscapeRight";
				LD_RUNPATH_SEARCH_PATHS = (
					"$(inherited)",
					"@executable_path/Frameworks",
				);
				MARKETING_VERSION = 1.0;
				PRODUCT_BUNDLE_IDENTIFIER = "CodingKovs.Whats-New";
				PRODUCT_NAME = "$(TARGET_NAME)";
				SWIFT_EMIT_LOC_STRINGS = YES;
				SWIFT_VERSION = 5.0;
				TARGETED_DEVICE_FAMILY = "1,2";
			};
			name = Release;
		};
/* End XCBuildConfiguration section */

/* Begin XCConfigurationList section */
		4EF9FBD628BEC7C50069B8CD /* Build configuration list for PBXProject "Whats New" */ = {
			isa = XCConfigurationList;
			buildConfigurations = (
				4EF9FBE728BEC7C70069B8CD /* Debug */,
				4EF9FBE828BEC7C70069B8CD /* Release */,
			);
			defaultConfigurationIsVisible = 0;
			defaultConfigurationName = Release;
		};
		4EF9FBE928BEC7C70069B8CD /* Build configuration list for PBXNativeTarget "Whats New" */ = {
			isa = XCConfigurationList;
			buildConfigurations = (
				4EF9FBEA28BEC7C70069B8CD /* Debug */,
				4EF9FBEB28BEC7C70069B8CD /* Release */,
			);
			defaultConfigurationIsVisible = 0;
			defaultConfigurationName = Release;
		};
/* End XCConfigurationList section */
	};
	rootObject = 4EF9FBD328BEC7C50069B8CD /* Project object */;
}
